PODS:
  - AutoCompleteTextField (0.1.0)

DEPENDENCIES:
  - AutoCompleteTextField (from `../`)

EXTERNAL SOURCES:
  AutoCompleteTextField:
    :path: "../"

SPEC CHECKSUMS:
  AutoCompleteTextField: 416645e879ae7558f2307d5ad71c569f93a297b3

PODFILE CHECKSUM: 5686600400f7297abd4994893250626177ba2f06

COCOAPODS: 1.9.3
