// !$*UTF8*$!
{
	archiveVersion = 1;
	classes = {
	};
	objectVersion = 50;
	objects = {

/* Begin PBXBuildFile section */
		1629DE90218D4F6F00461C57 /* AppDelegate.swift in Sources */ = {isa = PBXBuildFile; fileRef = 1629DE8F218D4F6F00461C57 /* AppDelegate.swift */; };
		1629DE97218D4F7000461C57 /* Assets.xcassets in Resources */ = {isa = PBXBuildFile; fileRef = 1629DE96218D4F7000461C57 /* Assets.xcassets */; };
		1629DE9A218D4F7000461C57 /* LaunchScreen.storyboard in Resources */ = {isa = PBXBuildFile; fileRef = 1629DE98218D4F7000461C57 /* LaunchScreen.storyboard */; };
		1629DEA5218D4F7000461C57 /* AutoCompleteTextFieldExampleTests.swift in Sources */ = {isa = PBXBuildFile; fileRef = 1629DEA4218D4F7000461C57 /* AutoCompleteTextFieldExampleTests.swift */; };
		1629DEC6218E1EFF00461C57 /* MenuViewController.swift in Sources */ = {isa = PBXBuildFile; fileRef = 1629DEC4218E1EFF00461C57 /* MenuViewController.swift */; };
		1629DEC7218E1EFF00461C57 /* MenuViewController.xib in Resources */ = {isa = PBXBuildFile; fileRef = 1629DEC5218E1EFF00461C57 /* MenuViewController.xib */; };
		1629DECF218E268600461C57 /* RoundedStyleViewController.swift in Sources */ = {isa = PBXBuildFile; fileRef = 1629DECD218E268600461C57 /* RoundedStyleViewController.swift */; };
		1629DED0218E268600461C57 /* RoundedStyleViewController.xib in Resources */ = {isa = PBXBuildFile; fileRef = 1629DECE218E268600461C57 /* RoundedStyleViewController.xib */; };
		1667F9F9218E37B2008D5C55 /* SquareStyleViewController.swift in Sources */ = {isa = PBXBuildFile; fileRef = 1667F9F7218E37B2008D5C55 /* SquareStyleViewController.swift */; };
		1667F9FA218E37B2008D5C55 /* SquareStyleViewController.xib in Resources */ = {isa = PBXBuildFile; fileRef = 1667F9F8218E37B2008D5C55 /* SquareStyleViewController.xib */; };
		1667F9FD218E3E95008D5C55 /* VibrantBackgroundViewController.swift in Sources */ = {isa = PBXBuildFile; fileRef = 1667F9FB218E3E95008D5C55 /* VibrantBackgroundViewController.swift */; };
		1667F9FE218E3E95008D5C55 /* VibrantBackgroundViewController.xib in Resources */ = {isa = PBXBuildFile; fileRef = 1667F9FC218E3E95008D5C55 /* VibrantBackgroundViewController.xib */; };
		1667FA00218E5AD4008D5C55 /* UINavigationController+Extensions.swift in Sources */ = {isa = PBXBuildFile; fileRef = 1667F9FF218E5AD4008D5C55 /* UINavigationController+Extensions.swift */; };
		1667FA03218E61FF008D5C55 /* CALayer+Extensions.swift in Sources */ = {isa = PBXBuildFile; fileRef = 1667FA02218E61FF008D5C55 /* CALayer+Extensions.swift */; };
		1667FA06218E633E008D5C55 /* SimpleStyleViewController.swift in Sources */ = {isa = PBXBuildFile; fileRef = 1667FA04218E633E008D5C55 /* SimpleStyleViewController.swift */; };
		1667FA07218E633E008D5C55 /* SimpleStyleViewController.xib in Resources */ = {isa = PBXBuildFile; fileRef = 1667FA05218E633E008D5C55 /* SimpleStyleViewController.xib */; };
		1667FA0B218E7DD0008D5C55 /* ResultListExampleViewController.swift in Sources */ = {isa = PBXBuildFile; fileRef = 1667FA09218E7DD0008D5C55 /* ResultListExampleViewController.swift */; };
		1667FA0C218E7DD0008D5C55 /* ResultListExampleViewController.xib in Resources */ = {isa = PBXBuildFile; fileRef = 1667FA0A218E7DD0008D5C55 /* ResultListExampleViewController.xib */; };
		1667FA0F218E98B4008D5C55 /* InlineCompletionExampleViewController.swift in Sources */ = {isa = PBXBuildFile; fileRef = 1667FA0D218E98B4008D5C55 /* InlineCompletionExampleViewController.swift */; };
		1667FA10218E98B4008D5C55 /* InlineCompletionExampleViewController.xib in Resources */ = {isa = PBXBuildFile; fileRef = 1667FA0E218E98B4008D5C55 /* InlineCompletionExampleViewController.xib */; };
		1667FA13218FAA06008D5C55 /* LinkedDataSourceExampleViewController.swift in Sources */ = {isa = PBXBuildFile; fileRef = 1667FA11218FAA06008D5C55 /* LinkedDataSourceExampleViewController.swift */; };
		1667FA14218FAA06008D5C55 /* LinkedDataSourceExampleViewController.xib in Resources */ = {isa = PBXBuildFile; fileRef = 1667FA12218FAA06008D5C55 /* LinkedDataSourceExampleViewController.xib */; };
		49C47B675767030373C93FE6 /* Pods_AutoCompleteTextFieldExample.framework in Frameworks */ = {isa = PBXBuildFile; fileRef = 8DA54FC8121113E9CA0426F9 /* Pods_AutoCompleteTextFieldExample.framework */; };
		8026C6229C9AB5D422A7F690 /* Pods_AutoCompleteTextFieldExampleTests.framework in Frameworks */ = {isa = PBXBuildFile; fileRef = 62DBA8D1FAED144E8B488B8B /* Pods_AutoCompleteTextFieldExampleTests.framework */; };
/* End PBXBuildFile section */

/* Begin PBXContainerItemProxy section */
		1629DEA1218D4F7000461C57 /* PBXContainerItemProxy */ = {
			isa = PBXContainerItemProxy;
			containerPortal = 1629DE84218D4F6F00461C57 /* Project object */;
			proxyType = 1;
			remoteGlobalIDString = 1629DE8B218D4F6F00461C57;
			remoteInfo = AutoCompleteTextFieldExample;
		};
/* End PBXContainerItemProxy section */

/* Begin PBXFileReference section */
		1629DE8C218D4F6F00461C57 /* AutoCompleteTextFieldExample.app */ = {isa = PBXFileReference; explicitFileType = wrapper.application; includeInIndex = 0; path = AutoCompleteTextFieldExample.app; sourceTree = BUILT_PRODUCTS_DIR; };
		1629DE8F218D4F6F00461C57 /* AppDelegate.swift */ = {isa = PBXFileReference; lastKnownFileType = sourcecode.swift; path = AppDelegate.swift; sourceTree = "<group>"; };
		1629DE96218D4F7000461C57 /* Assets.xcassets */ = {isa = PBXFileReference; lastKnownFileType = folder.assetcatalog; path = Assets.xcassets; sourceTree = "<group>"; };
		1629DE99218D4F7000461C57 /* Base */ = {isa = PBXFileReference; lastKnownFileType = file.storyboard; name = Base; path = Base.lproj/LaunchScreen.storyboard; sourceTree = "<group>"; };
		1629DE9B218D4F7000461C57 /* Info.plist */ = {isa = PBXFileReference; lastKnownFileType = text.plist.xml; path = Info.plist; sourceTree = "<group>"; };
		1629DEA0218D4F7000461C57 /* AutoCompleteTextFieldExampleTests.xctest */ = {isa = PBXFileReference; explicitFileType = wrapper.cfbundle; includeInIndex = 0; path = AutoCompleteTextFieldExampleTests.xctest; sourceTree = BUILT_PRODUCTS_DIR; };
		1629DEA4218D4F7000461C57 /* AutoCompleteTextFieldExampleTests.swift */ = {isa = PBXFileReference; lastKnownFileType = sourcecode.swift; path = AutoCompleteTextFieldExampleTests.swift; sourceTree = "<group>"; };
		1629DEA6218D4F7000461C57 /* Info.plist */ = {isa = PBXFileReference; lastKnownFileType = text.plist.xml; path = Info.plist; sourceTree = "<group>"; };
		1629DEC4218E1EFF00461C57 /* MenuViewController.swift */ = {isa = PBXFileReference; lastKnownFileType = sourcecode.swift; path = MenuViewController.swift; sourceTree = "<group>"; };
		1629DEC5218E1EFF00461C57 /* MenuViewController.xib */ = {isa = PBXFileReference; lastKnownFileType = file.xib; path = MenuViewController.xib; sourceTree = "<group>"; };
		1629DECD218E268600461C57 /* RoundedStyleViewController.swift */ = {isa = PBXFileReference; lastKnownFileType = sourcecode.swift; path = RoundedStyleViewController.swift; sourceTree = "<group>"; };
		1629DECE218E268600461C57 /* RoundedStyleViewController.xib */ = {isa = PBXFileReference; lastKnownFileType = file.xib; path = RoundedStyleViewController.xib; sourceTree = "<group>"; };
		1667F9F7218E37B2008D5C55 /* SquareStyleViewController.swift */ = {isa = PBXFileReference; lastKnownFileType = sourcecode.swift; path = SquareStyleViewController.swift; sourceTree = "<group>"; };
		1667F9F8218E37B2008D5C55 /* SquareStyleViewController.xib */ = {isa = PBXFileReference; lastKnownFileType = file.xib; path = SquareStyleViewController.xib; sourceTree = "<group>"; };
		1667F9FB218E3E95008D5C55 /* VibrantBackgroundViewController.swift */ = {isa = PBXFileReference; lastKnownFileType = sourcecode.swift; path = VibrantBackgroundViewController.swift; sourceTree = "<group>"; };
		1667F9FC218E3E95008D5C55 /* VibrantBackgroundViewController.xib */ = {isa = PBXFileReference; lastKnownFileType = file.xib; path = VibrantBackgroundViewController.xib; sourceTree = "<group>"; };
		1667F9FF218E5AD4008D5C55 /* UINavigationController+Extensions.swift */ = {isa = PBXFileReference; lastKnownFileType = sourcecode.swift; path = "UINavigationController+Extensions.swift"; sourceTree = "<group>"; };
		1667FA02218E61FF008D5C55 /* CALayer+Extensions.swift */ = {isa = PBXFileReference; lastKnownFileType = sourcecode.swift; path = "CALayer+Extensions.swift"; sourceTree = "<group>"; };
		1667FA04218E633E008D5C55 /* SimpleStyleViewController.swift */ = {isa = PBXFileReference; lastKnownFileType = sourcecode.swift; path = SimpleStyleViewController.swift; sourceTree = "<group>"; };
		1667FA05218E633E008D5C55 /* SimpleStyleViewController.xib */ = {isa = PBXFileReference; lastKnownFileType = file.xib; path = SimpleStyleViewController.xib; sourceTree = "<group>"; };
		1667FA09218E7DD0008D5C55 /* ResultListExampleViewController.swift */ = {isa = PBXFileReference; lastKnownFileType = sourcecode.swift; path = ResultListExampleViewController.swift; sourceTree = "<group>"; };
		1667FA0A218E7DD0008D5C55 /* ResultListExampleViewController.xib */ = {isa = PBXFileReference; lastKnownFileType = file.xib; path = ResultListExampleViewController.xib; sourceTree = "<group>"; };
		1667FA0D218E98B4008D5C55 /* InlineCompletionExampleViewController.swift */ = {isa = PBXFileReference; lastKnownFileType = sourcecode.swift; path = InlineCompletionExampleViewController.swift; sourceTree = "<group>"; };
		1667FA0E218E98B4008D5C55 /* InlineCompletionExampleViewController.xib */ = {isa = PBXFileReference; lastKnownFileType = file.xib; path = InlineCompletionExampleViewController.xib; sourceTree = "<group>"; };
		1667FA11218FAA06008D5C55 /* LinkedDataSourceExampleViewController.swift */ = {isa = PBXFileReference; lastKnownFileType = sourcecode.swift; path = LinkedDataSourceExampleViewController.swift; sourceTree = "<group>"; };
		1667FA12218FAA06008D5C55 /* LinkedDataSourceExampleViewController.xib */ = {isa = PBXFileReference; lastKnownFileType = file.xib; path = LinkedDataSourceExampleViewController.xib; sourceTree = "<group>"; };
		53AB2120DACDAB1D42CC6D0A /* Pods-AutoCompleteTextFieldExampleTests.release.xcconfig */ = {isa = PBXFileReference; includeInIndex = 1; lastKnownFileType = text.xcconfig; name = "Pods-AutoCompleteTextFieldExampleTests.release.xcconfig"; path = "Pods/Target Support Files/Pods-AutoCompleteTextFieldExampleTests/Pods-AutoCompleteTextFieldExampleTests.release.xcconfig"; sourceTree = "<group>"; };
		62DBA8D1FAED144E8B488B8B /* Pods_AutoCompleteTextFieldExampleTests.framework */ = {isa = PBXFileReference; explicitFileType = wrapper.framework; includeInIndex = 0; path = Pods_AutoCompleteTextFieldExampleTests.framework; sourceTree = BUILT_PRODUCTS_DIR; };
		6C9A42772AE34A7C54D5E49A /* Pods-AutoCompleteTextFieldExample.release.xcconfig */ = {isa = PBXFileReference; includeInIndex = 1; lastKnownFileType = text.xcconfig; name = "Pods-AutoCompleteTextFieldExample.release.xcconfig"; path = "Pods/Target Support Files/Pods-AutoCompleteTextFieldExample/Pods-AutoCompleteTextFieldExample.release.xcconfig"; sourceTree = "<group>"; };
		8DA54FC8121113E9CA0426F9 /* Pods_AutoCompleteTextFieldExample.framework */ = {isa = PBXFileReference; explicitFileType = wrapper.framework; includeInIndex = 0; path = Pods_AutoCompleteTextFieldExample.framework; sourceTree = BUILT_PRODUCTS_DIR; };
		C3486E75A6C5A08466AC7379 /* Pods-AutoCompleteTextFieldExample.debug.xcconfig */ = {isa = PBXFileReference; includeInIndex = 1; lastKnownFileType = text.xcconfig; name = "Pods-AutoCompleteTextFieldExample.debug.xcconfig"; path = "Pods/Target Support Files/Pods-AutoCompleteTextFieldExample/Pods-AutoCompleteTextFieldExample.debug.xcconfig"; sourceTree = "<group>"; };
		E212F908851D94894048D6B8 /* Pods-AutoCompleteTextFieldExampleTests.debug.xcconfig */ = {isa = PBXFileReference; includeInIndex = 1; lastKnownFileType = text.xcconfig; name = "Pods-AutoCompleteTextFieldExampleTests.debug.xcconfig"; path = "Pods/Target Support Files/Pods-AutoCompleteTextFieldExampleTests/Pods-AutoCompleteTextFieldExampleTests.debug.xcconfig"; sourceTree = "<group>"; };
/* End PBXFileReference section */

/* Begin PBXFrameworksBuildPhase section */
		1629DE89218D4F6F00461C57 /* Frameworks */ = {
			isa = PBXFrameworksBuildPhase;
			buildActionMask = 2147483647;
			files = (
				49C47B675767030373C93FE6 /* Pods_AutoCompleteTextFieldExample.framework in Frameworks */,
			);
			runOnlyForDeploymentPostprocessing = 0;
		};
		1629DE9D218D4F7000461C57 /* Frameworks */ = {
			isa = PBXFrameworksBuildPhase;
			buildActionMask = 2147483647;
			files = (
				8026C6229C9AB5D422A7F690 /* Pods_AutoCompleteTextFieldExampleTests.framework in Frameworks */,
			);
			runOnlyForDeploymentPostprocessing = 0;
		};
/* End PBXFrameworksBuildPhase section */

/* Begin PBXGroup section */
		1629DE83218D4F6F00461C57 = {
			isa = PBXGroup;
			children = (
				1629DE8E218D4F6F00461C57 /* AutoCompleteTextFieldExample */,
				1629DEA3218D4F7000461C57 /* AutoCompleteTextFieldExampleTests */,
				1629DE8D218D4F6F00461C57 /* Products */,
				47EFF2EDE61D3418BC5EF473 /* Pods */,
				836761FCD8BB6F84C1A44E73 /* Frameworks */,
			);
			sourceTree = "<group>";
		};
		1629DE8D218D4F6F00461C57 /* Products */ = {
			isa = PBXGroup;
			children = (
				1629DE8C218D4F6F00461C57 /* AutoCompleteTextFieldExample.app */,
				1629DEA0218D4F7000461C57 /* AutoCompleteTextFieldExampleTests.xctest */,
			);
			name = Products;
			sourceTree = "<group>";
		};
		1629DE8E218D4F6F00461C57 /* AutoCompleteTextFieldExample */ = {
			isa = PBXGroup;
			children = (
				1629DE8F218D4F6F00461C57 /* AppDelegate.swift */,
				1629DE9B218D4F7000461C57 /* Info.plist */,
				1629DE96218D4F7000461C57 /* Assets.xcassets */,
				1629DE98218D4F7000461C57 /* LaunchScreen.storyboard */,
				1629DEC3218E1EAA00461C57 /* Menu */,
				1667FA08218E7D68008D5C55 /* UsageExamples */,
				1629DEC8218E263300461C57 /* StyleExamples */,
				1667FA01218E5ADB008D5C55 /* Extensions */,
			);
			path = AutoCompleteTextFieldExample;
			sourceTree = "<group>";
		};
		1629DEA3218D4F7000461C57 /* AutoCompleteTextFieldExampleTests */ = {
			isa = PBXGroup;
			children = (
				1629DEA6218D4F7000461C57 /* Info.plist */,
				1629DEA4218D4F7000461C57 /* AutoCompleteTextFieldExampleTests.swift */,
			);
			path = AutoCompleteTextFieldExampleTests;
			sourceTree = "<group>";
		};
		1629DEC3218E1EAA00461C57 /* Menu */ = {
			isa = PBXGroup;
			children = (
				1629DEC4218E1EFF00461C57 /* MenuViewController.swift */,
				1629DEC5218E1EFF00461C57 /* MenuViewController.xib */,
			);
			path = Menu;
			sourceTree = "<group>";
		};
		1629DEC8218E263300461C57 /* StyleExamples */ = {
			isa = PBXGroup;
			children = (
				1629DECD218E268600461C57 /* RoundedStyleViewController.swift */,
				1629DECE218E268600461C57 /* RoundedStyleViewController.xib */,
				1667F9F7218E37B2008D5C55 /* SquareStyleViewController.swift */,
				1667F9F8218E37B2008D5C55 /* SquareStyleViewController.xib */,
				1667FA04218E633E008D5C55 /* SimpleStyleViewController.swift */,
				1667FA05218E633E008D5C55 /* SimpleStyleViewController.xib */,
				1667F9FB218E3E95008D5C55 /* VibrantBackgroundViewController.swift */,
				1667F9FC218E3E95008D5C55 /* VibrantBackgroundViewController.xib */,
			);
			path = StyleExamples;
			sourceTree = "<group>";
		};
		1667FA01218E5ADB008D5C55 /* Extensions */ = {
			isa = PBXGroup;
			children = (
				1667F9FF218E5AD4008D5C55 /* UINavigationController+Extensions.swift */,
				1667FA02218E61FF008D5C55 /* CALayer+Extensions.swift */,
			);
			path = Extensions;
			sourceTree = "<group>";
		};
		1667FA08218E7D68008D5C55 /* UsageExamples */ = {
			isa = PBXGroup;
			children = (
				1667FA09218E7DD0008D5C55 /* ResultListExampleViewController.swift */,
				1667FA0A218E7DD0008D5C55 /* ResultListExampleViewController.xib */,
				1667FA0D218E98B4008D5C55 /* InlineCompletionExampleViewController.swift */,
				1667FA0E218E98B4008D5C55 /* InlineCompletionExampleViewController.xib */,
				1667FA11218FAA06008D5C55 /* LinkedDataSourceExampleViewController.swift */,
				1667FA12218FAA06008D5C55 /* LinkedDataSourceExampleViewController.xib */,
			);
			path = UsageExamples;
			sourceTree = "<group>";
		};
		47EFF2EDE61D3418BC5EF473 /* Pods */ = {
			isa = PBXGroup;
			children = (
				C3486E75A6C5A08466AC7379 /* Pods-AutoCompleteTextFieldExample.debug.xcconfig */,
				6C9A42772AE34A7C54D5E49A /* Pods-AutoCompleteTextFieldExample.release.xcconfig */,
				E212F908851D94894048D6B8 /* Pods-AutoCompleteTextFieldExampleTests.debug.xcconfig */,
				53AB2120DACDAB1D42CC6D0A /* Pods-AutoCompleteTextFieldExampleTests.release.xcconfig */,
			);
			name = Pods;
			sourceTree = "<group>";
		};
		836761FCD8BB6F84C1A44E73 /* Frameworks */ = {
			isa = PBXGroup;
			children = (
				8DA54FC8121113E9CA0426F9 /* Pods_AutoCompleteTextFieldExample.framework */,
				62DBA8D1FAED144E8B488B8B /* Pods_AutoCompleteTextFieldExampleTests.framework */,
			);
			name = Frameworks;
			sourceTree = "<group>";
		};
/* End PBXGroup section */

/* Begin PBXNativeTarget section */
		1629DE8B218D4F6F00461C57 /* AutoCompleteTextFieldExample */ = {
			isa = PBXNativeTarget;
			buildConfigurationList = 1629DEA9218D4F7000461C57 /* Build configuration list for PBXNativeTarget "AutoCompleteTextFieldExample" */;
			buildPhases = (
				9219BA145AF34273ECEDB3DB /* [CP] Check Pods Manifest.lock */,
				1629DE88218D4F6F00461C57 /* Sources */,
				1629DE89218D4F6F00461C57 /* Frameworks */,
				1629DE8A218D4F6F00461C57 /* Resources */,
				FC78C8F395BCB7047DD91E92 /* [CP] Embed Pods Frameworks */,
			);
			buildRules = (
			);
			dependencies = (
			);
			name = AutoCompleteTextFieldExample;
			productName = AutoCompleteTextFieldExample;
			productReference = 1629DE8C218D4F6F00461C57 /* AutoCompleteTextFieldExample.app */;
			productType = "com.apple.product-type.application";
		};
		1629DE9F218D4F7000461C57 /* AutoCompleteTextFieldExampleTests */ = {
			isa = PBXNativeTarget;
			buildConfigurationList = 1629DEAC218D4F7000461C57 /* Build configuration list for PBXNativeTarget "AutoCompleteTextFieldExampleTests" */;
			buildPhases = (
				B4FD63AD3BA62CA2A584B503 /* [CP] Check Pods Manifest.lock */,
				1629DE9C218D4F7000461C57 /* Sources */,
				1629DE9D218D4F7000461C57 /* Frameworks */,
				1629DE9E218D4F7000461C57 /* Resources */,
			);
			buildRules = (
			);
			dependencies = (
				1629DEA2218D4F7000461C57 /* PBXTargetDependency */,
			);
			name = AutoCompleteTextFieldExampleTests;
			productName = AutoCompleteTextFieldExampleTests;
			productReference = 1629DEA0218D4F7000461C57 /* AutoCompleteTextFieldExampleTests.xctest */;
			productType = "com.apple.product-type.bundle.unit-test";
		};
/* End PBXNativeTarget section */

/* Begin PBXProject section */
		1629DE84218D4F6F00461C57 /* Project object */ = {
			isa = PBXProject;
			attributes = {
				LastSwiftUpdateCheck = 1010;
				LastUpgradeCheck = 1010;
				ORGANIZATIONNAME = "Jacob Mendelowitz";
				TargetAttributes = {
					1629DE8B218D4F6F00461C57 = {
						CreatedOnToolsVersion = 10.1;
					};
					1629DE9F218D4F7000461C57 = {
						CreatedOnToolsVersion = 10.1;
						TestTargetID = 1629DE8B218D4F6F00461C57;
					};
				};
			};
			buildConfigurationList = 1629DE87218D4F6F00461C57 /* Build configuration list for PBXProject "AutoCompleteTextFieldExample" */;
			compatibilityVersion = "Xcode 9.3";
			developmentRegion = en;
			hasScannedForEncodings = 0;
			knownRegions = (
				en,
				Base,
			);
			mainGroup = 1629DE83218D4F6F00461C57;
			productRefGroup = 1629DE8D218D4F6F00461C57 /* Products */;
			projectDirPath = "";
			projectRoot = "";
			targets = (
				1629DE8B218D4F6F00461C57 /* AutoCompleteTextFieldExample */,
				1629DE9F218D4F7000461C57 /* AutoCompleteTextFieldExampleTests */,
			);
		};
/* End PBXProject section */

/* Begin PBXResourcesBuildPhase section */
		1629DE8A218D4F6F00461C57 /* Resources */ = {
			isa = PBXResourcesBuildPhase;
			buildActionMask = 2147483647;
			files = (
				1667FA10218E98B4008D5C55 /* InlineCompletionExampleViewController.xib in Resources */,
				1667FA07218E633E008D5C55 /* SimpleStyleViewController.xib in Resources */,
				1629DE9A218D4F7000461C57 /* LaunchScreen.storyboard in Resources */,
				1667FA0C218E7DD0008D5C55 /* ResultListExampleViewController.xib in Resources */,
				1629DEC7218E1EFF00461C57 /* MenuViewController.xib in Resources */,
				1629DE97218D4F7000461C57 /* Assets.xcassets in Resources */,
				1629DED0218E268600461C57 /* RoundedStyleViewController.xib in Resources */,
				1667F9FA218E37B2008D5C55 /* SquareStyleViewController.xib in Resources */,
				1667F9FE218E3E95008D5C55 /* VibrantBackgroundViewController.xib in Resources */,
				1667FA14218FAA06008D5C55 /* LinkedDataSourceExampleViewController.xib in Resources */,
			);
			runOnlyForDeploymentPostprocessing = 0;
		};
		1629DE9E218D4F7000461C57 /* Resources */ = {
			isa = PBXResourcesBuildPhase;
			buildActionMask = 2147483647;
			files = (
			);
			runOnlyForDeploymentPostprocessing = 0;
		};
/* End PBXResourcesBuildPhase section */

/* Begin PBXShellScriptBuildPhase section */
		9219BA145AF34273ECEDB3DB /* [CP] Check Pods Manifest.lock */ = {
			isa = PBXShellScriptBuildPhase;
			buildActionMask = 2147483647;
			files = (
			);
			inputPaths = (
				"${PODS_PODFILE_DIR_PATH}/Podfile.lock",
				"${PODS_ROOT}/Manifest.lock",
			);
			name = "[CP] Check Pods Manifest.lock";
			outputPaths = (
				"$(DERIVED_FILE_DIR)/Pods-AutoCompleteTextFieldExample-checkManifestLockResult.txt",
			);
			runOnlyForDeploymentPostprocessing = 0;
			shellPath = /bin/sh;
			shellScript = "diff \"${PODS_PODFILE_DIR_PATH}/Podfile.lock\" \"${PODS_ROOT}/Manifest.lock\" > /dev/null\nif [ $? != 0 ] ; then\n    # print error to STDERR\n    echo \"error: The sandbox is not in sync with the Podfile.lock. Run 'pod install' or update your CocoaPods installation.\" >&2\n    exit 1\nfi\n# This output is used by Xcode 'outputs' to avoid re-running this script phase.\necho \"SUCCESS\" > \"${SCRIPT_OUTPUT_FILE_0}\"\n";
			showEnvVarsInLog = 0;
		};
		B4FD63AD3BA62CA2A584B503 /* [CP] Check Pods Manifest.lock */ = {
			isa = PBXShellScriptBuildPhase;
			buildActionMask = 2147483647;
			files = (
			);
			inputPaths = (
				"${PODS_PODFILE_DIR_PATH}/Podfile.lock",
				"${PODS_ROOT}/Manifest.lock",
			);
			name = "[CP] Check Pods Manifest.lock";
			outputPaths = (
				"$(DERIVED_FILE_DIR)/Pods-AutoCompleteTextFieldExampleTests-checkManifestLockResult.txt",
			);
			runOnlyForDeploymentPostprocessing = 0;
			shellPath = /bin/sh;
			shellScript = "diff \"${PODS_PODFILE_DIR_PATH}/Podfile.lock\" \"${PODS_ROOT}/Manifest.lock\" > /dev/null\nif [ $? != 0 ] ; then\n    # print error to STDERR\n    echo \"error: The sandbox is not in sync with the Podfile.lock. Run 'pod install' or update your CocoaPods installation.\" >&2\n    exit 1\nfi\n# This output is used by Xcode 'outputs' to avoid re-running this script phase.\necho \"SUCCESS\" > \"${SCRIPT_OUTPUT_FILE_0}\"\n";
			showEnvVarsInLog = 0;
		};
		FC78C8F395BCB7047DD91E92 /* [CP] Embed Pods Frameworks */ = {
			isa = PBXShellScriptBuildPhase;
			buildActionMask = 2147483647;
			files = (
			);
			inputFileListPaths = (
				"${PODS_ROOT}/Target Support Files/Pods-AutoCompleteTextFieldExample/Pods-AutoCompleteTextFieldExample-frameworks-${CONFIGURATION}-input-files.xcfilelist",
			);
			name = "[CP] Embed Pods Frameworks";
			outputFileListPaths = (
				"${PODS_ROOT}/Target Support Files/Pods-AutoCompleteTextFieldExample/Pods-AutoCompleteTextFieldExample-frameworks-${CONFIGURATION}-output-files.xcfilelist",
			);
			runOnlyForDeploymentPostprocessing = 0;
			shellPath = /bin/sh;
			shellScript = "\"${PODS_ROOT}/Target Support Files/Pods-AutoCompleteTextFieldExample/Pods-AutoCompleteTextFieldExample-frameworks.sh\"\n";
			showEnvVarsInLog = 0;
		};
/* End PBXShellScriptBuildPhase section */

/* Begin PBXSourcesBuildPhase section */
		1629DE88218D4F6F00461C57 /* Sources */ = {
			isa = PBXSourcesBuildPhase;
			buildActionMask = 2147483647;
			files = (
				1667F9FD218E3E95008D5C55 /* VibrantBackgroundViewController.swift in Sources */,
				1667FA0B218E7DD0008D5C55 /* ResultListExampleViewController.swift in Sources */,
				1629DECF218E268600461C57 /* RoundedStyleViewController.swift in Sources */,
				1629DE90218D4F6F00461C57 /* AppDelegate.swift in Sources */,
				1629DEC6218E1EFF00461C57 /* MenuViewController.swift in Sources */,
				1667FA06218E633E008D5C55 /* SimpleStyleViewController.swift in Sources */,
				1667FA03218E61FF008D5C55 /* CALayer+Extensions.swift in Sources */,
				1667FA00218E5AD4008D5C55 /* UINavigationController+Extensions.swift in Sources */,
				1667FA13218FAA06008D5C55 /* LinkedDataSourceExampleViewController.swift in Sources */,
				1667FA0F218E98B4008D5C55 /* InlineCompletionExampleViewController.swift in Sources */,
				1667F9F9218E37B2008D5C55 /* SquareStyleViewController.swift in Sources */,
			);
			runOnlyForDeploymentPostprocessing = 0;
		};
		1629DE9C218D4F7000461C57 /* Sources */ = {
			isa = PBXSourcesBuildPhase;
			buildActionMask = 2147483647;
			files = (
				1629DEA5218D4F7000461C57 /* AutoCompleteTextFieldExampleTests.swift in Sources */,
			);
			runOnlyForDeploymentPostprocessing = 0;
		};
/* End PBXSourcesBuildPhase section */

/* Begin PBXTargetDependency section */
		1629DEA2218D4F7000461C57 /* PBXTargetDependency */ = {
			isa = PBXTargetDependency;
			target = 1629DE8B218D4F6F00461C57 /* AutoCompleteTextFieldExample */;
			targetProxy = 1629DEA1218D4F7000461C57 /* PBXContainerItemProxy */;
		};
/* End PBXTargetDependency section */

/* Begin PBXVariantGroup section */
		1629DE98218D4F7000461C57 /* LaunchScreen.storyboard */ = {
			isa = PBXVariantGroup;
			children = (
				1629DE99218D4F7000461C57 /* Base */,
			);
			name = LaunchScreen.storyboard;
			sourceTree = "<group>";
		};
/* End PBXVariantGroup section */

/* Begin XCBuildConfiguration section */
		1629DEA7218D4F7000461C57 /* Debug */ = {
			isa = XCBuildConfiguration;
			buildSettings = {
				ALWAYS_SEARCH_USER_PATHS = NO;
				CLANG_ANALYZER_NONNULL = YES;
				CLANG_ANALYZER_NUMBER_OBJECT_CONVERSION = YES_AGGRESSIVE;
				CLANG_CXX_LANGUAGE_STANDARD = "gnu++14";
				CLANG_CXX_LIBRARY = "libc++";
				CLANG_ENABLE_MODULES = YES;
				CLANG_ENABLE_OBJC_ARC = YES;
				CLANG_ENABLE_OBJC_WEAK = YES;
				CLANG_WARN_BLOCK_CAPTURE_AUTORELEASING = YES;
				CLANG_WARN_BOOL_CONVERSION = YES;
				CLANG_WARN_COMMA = YES;
				CLANG_WARN_CONSTANT_CONVERSION = YES;
				CLANG_WARN_DEPRECATED_OBJC_IMPLEMENTATIONS = YES;
				CLANG_WARN_DIRECT_OBJC_ISA_USAGE = YES_ERROR;
				CLANG_WARN_DOCUMENTATION_COMMENTS = YES;
				CLANG_WARN_EMPTY_BODY = YES;
				CLANG_WARN_ENUM_CONVERSION = YES;
				CLANG_WARN_INFINITE_RECURSION = YES;
				CLANG_WARN_INT_CONVERSION = YES;
				CLANG_WARN_NON_LITERAL_NULL_CONVERSION = YES;
				CLANG_WARN_OBJC_IMPLICIT_RETAIN_SELF = YES;
				CLANG_WARN_OBJC_LITERAL_CONVERSION = YES;
				CLANG_WARN_OBJC_ROOT_CLASS = YES_ERROR;
				CLANG_WARN_RANGE_LOOP_ANALYSIS = YES;
				CLANG_WARN_STRICT_PROTOTYPES = YES;
				CLANG_WARN_SUSPICIOUS_MOVE = YES;
				CLANG_WARN_UNGUARDED_AVAILABILITY = YES_AGGRESSIVE;
				CLANG_WARN_UNREACHABLE_CODE = YES;
				CLANG_WARN__DUPLICATE_METHOD_MATCH = YES;
				CODE_SIGN_IDENTITY = "iPhone Developer";
				COPY_PHASE_STRIP = NO;
				DEBUG_INFORMATION_FORMAT = dwarf;
				ENABLE_STRICT_OBJC_MSGSEND = YES;
				ENABLE_TESTABILITY = YES;
				GCC_C_LANGUAGE_STANDARD = gnu11;
				GCC_DYNAMIC_NO_PIC = NO;
				GCC_NO_COMMON_BLOCKS = YES;
				GCC_OPTIMIZATION_LEVEL = 0;
				GCC_PREPROCESSOR_DEFINITIONS = (
					"DEBUG=1",
					"$(inherited)",
				);
				GCC_WARN_64_TO_32_BIT_CONVERSION = YES;
				GCC_WARN_ABOUT_RETURN_TYPE = YES_ERROR;
				GCC_WARN_UNDECLARED_SELECTOR = YES;
				GCC_WARN_UNINITIALIZED_AUTOS = YES_AGGRESSIVE;
				GCC_WARN_UNUSED_FUNCTION = YES;
				GCC_WARN_UNUSED_VARIABLE = YES;
				IPHONEOS_DEPLOYMENT_TARGET = 12.1;
				MTL_ENABLE_DEBUG_INFO = INCLUDE_SOURCE;
				MTL_FAST_MATH = YES;
				ONLY_ACTIVE_ARCH = YES;
				SDKROOT = iphoneos;
				SWIFT_ACTIVE_COMPILATION_CONDITIONS = DEBUG;
				SWIFT_OPTIMIZATION_LEVEL = "-Onone";
			};
			name = Debug;
		};
		1629DEA8218D4F7000461C57 /* Release */ = {
			isa = XCBuildConfiguration;
			buildSettings = {
				ALWAYS_SEARCH_USER_PATHS = NO;
				CLANG_ANALYZER_NONNULL = YES;
				CLANG_ANALYZER_NUMBER_OBJECT_CONVERSION = YES_AGGRESSIVE;
				CLANG_CXX_LANGUAGE_STANDARD = "gnu++14";
				CLANG_CXX_LIBRARY = "libc++";
				CLANG_ENABLE_MODULES = YES;
				CLANG_ENABLE_OBJC_ARC = YES;
				CLANG_ENABLE_OBJC_WEAK = YES;
				CLANG_WARN_BLOCK_CAPTURE_AUTORELEASING = YES;
				CLANG_WARN_BOOL_CONVERSION = YES;
				CLANG_WARN_COMMA = YES;
				CLANG_WARN_CONSTANT_CONVERSION = YES;
				CLANG_WARN_DEPRECATED_OBJC_IMPLEMENTATIONS = YES;
				CLANG_WARN_DIRECT_OBJC_ISA_USAGE = YES_ERROR;
				CLANG_WARN_DOCUMENTATION_COMMENTS = YES;
				CLANG_WARN_EMPTY_BODY = YES;
				CLANG_WARN_ENUM_CONVERSION = YES;
				CLANG_WARN_INFINITE_RECURSION = YES;
				CLANG_WARN_INT_CONVERSION = YES;
				CLANG_WARN_NON_LITERAL_NULL_CONVERSION = YES;
				CLANG_WARN_OBJC_IMPLICIT_RETAIN_SELF = YES;
				CLANG_WARN_OBJC_LITERAL_CONVERSION = YES;
				CLANG_WARN_OBJC_ROOT_CLASS = YES_ERROR;
				CLANG_WARN_RANGE_LOOP_ANALYSIS = YES;
				CLANG_WARN_STRICT_PROTOTYPES = YES;
				CLANG_WARN_SUSPICIOUS_MOVE = YES;
				CLANG_WARN_UNGUARDED_AVAILABILITY = YES_AGGRESSIVE;
				CLANG_WARN_UNREACHABLE_CODE = YES;
				CLANG_WARN__DUPLICATE_METHOD_MATCH = YES;
				CODE_SIGN_IDENTITY = "iPhone Developer";
				COPY_PHASE_STRIP = NO;
				DEBUG_INFORMATION_FORMAT = "dwarf-with-dsym";
				ENABLE_NS_ASSERTIONS = NO;
				ENABLE_STRICT_OBJC_MSGSEND = YES;
				GCC_C_LANGUAGE_STANDARD = gnu11;
				GCC_NO_COMMON_BLOCKS = YES;
				GCC_WARN_64_TO_32_BIT_CONVERSION = YES;
				GCC_WARN_ABOUT_RETURN_TYPE = YES_ERROR;
				GCC_WARN_UNDECLARED_SELECTOR = YES;
				GCC_WARN_UNINITIALIZED_AUTOS = YES_AGGRESSIVE;
				GCC_WARN_UNUSED_FUNCTION = YES;
				GCC_WARN_UNUSED_VARIABLE = YES;
				IPHONEOS_DEPLOYMENT_TARGET = 12.1;
				MTL_ENABLE_DEBUG_INFO = NO;
				MTL_FAST_MATH = YES;
				SDKROOT = iphoneos;
				SWIFT_COMPILATION_MODE = wholemodule;
				SWIFT_OPTIMIZATION_LEVEL = "-O";
				VALIDATE_PRODUCT = YES;
			};
			name = Release;
		};
		1629DEAA218D4F7000461C57 /* Debug */ = {
			isa = XCBuildConfiguration;
			baseConfigurationReference = C3486E75A6C5A08466AC7379 /* Pods-AutoCompleteTextFieldExample.debug.xcconfig */;
			buildSettings = {
				ASSETCATALOG_COMPILER_APPICON_NAME = AppIcon;
				CODE_SIGN_STYLE = Automatic;
				DEVELOPMENT_TEAM = G8WC5PF74K;
				INFOPLIST_FILE = AutoCompleteTextFieldExample/Info.plist;
				IPHONEOS_DEPLOYMENT_TARGET = 10.0;
				LD_RUNPATH_SEARCH_PATHS = (
					"$(inherited)",
					"@executable_path/Frameworks",
				);
				PRODUCT_BUNDLE_IDENTIFIER = com.jmware.AutoCompleteTextFieldExample;
				PRODUCT_NAME = "$(TARGET_NAME)";
				SWIFT_VERSION = 4.2;
				TARGETED_DEVICE_FAMILY = "1,2";
			};
			name = Debug;
		};
		1629DEAB218D4F7000461C57 /* Release */ = {
			isa = XCBuildConfiguration;
			baseConfigurationReference = 6C9A42772AE34A7C54D5E49A /* Pods-AutoCompleteTextFieldExample.release.xcconfig */;
			buildSettings = {
				ASSETCATALOG_COMPILER_APPICON_NAME = AppIcon;
				CODE_SIGN_STYLE = Automatic;
				DEVELOPMENT_TEAM = G8WC5PF74K;
				INFOPLIST_FILE = AutoCompleteTextFieldExample/Info.plist;
				IPHONEOS_DEPLOYMENT_TARGET = 10.0;
				LD_RUNPATH_SEARCH_PATHS = (
					"$(inherited)",
					"@executable_path/Frameworks",
				);
				PRODUCT_BUNDLE_IDENTIFIER = com.jmware.AutoCompleteTextFieldExample;
				PRODUCT_NAME = "$(TARGET_NAME)";
				SWIFT_VERSION = 4.2;
				TARGETED_DEVICE_FAMILY = "1,2";
			};
			name = Release;
		};
		1629DEAD218D4F7000461C57 /* Debug */ = {
			isa = XCBuildConfiguration;
			baseConfigurationReference = E212F908851D94894048D6B8 /* Pods-AutoCompleteTextFieldExampleTests.debug.xcconfig */;
			buildSettings = {
				ALWAYS_EMBED_SWIFT_STANDARD_LIBRARIES = YES;
				BUNDLE_LOADER = "$(TEST_HOST)";
				CODE_SIGN_STYLE = Automatic;
				DEVELOPMENT_TEAM = G8WC5PF74K;
				INFOPLIST_FILE = AutoCompleteTextFieldExampleTests/Info.plist;
				LD_RUNPATH_SEARCH_PATHS = (
					"$(inherited)",
					"@executable_path/Frameworks",
					"@loader_path/Frameworks",
				);
				PRODUCT_BUNDLE_IDENTIFIER = com.jmware.AutoCompleteTextFieldExampleTests;
				PRODUCT_NAME = "$(TARGET_NAME)";
				SWIFT_VERSION = 4.2;
				TARGETED_DEVICE_FAMILY = "1,2";
				TEST_HOST = "$(BUILT_PRODUCTS_DIR)/AutoCompleteTextFieldExample.app/AutoCompleteTextFieldExample";
			};
			name = Debug;
		};
		1629DEAE218D4F7000461C57 /* Release */ = {
			isa = XCBuildConfiguration;
			baseConfigurationReference = 53AB2120DACDAB1D42CC6D0A /* Pods-AutoCompleteTextFieldExampleTests.release.xcconfig */;
			buildSettings = {
				ALWAYS_EMBED_SWIFT_STANDARD_LIBRARIES = YES;
				BUNDLE_LOADER = "$(TEST_HOST)";
				CODE_SIGN_STYLE = Automatic;
				DEVELOPMENT_TEAM = G8WC5PF74K;
				INFOPLIST_FILE = AutoCompleteTextFieldExampleTests/Info.plist;
				LD_RUNPATH_SEARCH_PATHS = (
					"$(inherited)",
					"@executable_path/Frameworks",
					"@loader_path/Frameworks",
				);
				PRODUCT_BUNDLE_IDENTIFIER = com.jmware.AutoCompleteTextFieldExampleTests;
				PRODUCT_NAME = "$(TARGET_NAME)";
				SWIFT_VERSION = 4.2;
				TARGETED_DEVICE_FAMILY = "1,2";
				TEST_HOST = "$(BUILT_PRODUCTS_DIR)/AutoCompleteTextFieldExample.app/AutoCompleteTextFieldExample";
			};
			name = Release;
		};
/* End XCBuildConfiguration section */

/* Begin XCConfigurationList section */
		1629DE87218D4F6F00461C57 /* Build configuration list for PBXProject "AutoCompleteTextFieldExample" */ = {
			isa = XCConfigurationList;
			buildConfigurations = (
				1629DEA7218D4F7000461C57 /* Debug */,
				1629DEA8218D4F7000461C57 /* Release */,
			);
			defaultConfigurationIsVisible = 0;
			defaultConfigurationName = Release;
		};
		1629DEA9218D4F7000461C57 /* Build configuration list for PBXNativeTarget "AutoCompleteTextFieldExample" */ = {
			isa = XCConfigurationList;
			buildConfigurations = (
				1629DEAA218D4F7000461C57 /* Debug */,
				1629DEAB218D4F7000461C57 /* Release */,
			);
			defaultConfigurationIsVisible = 0;
			defaultConfigurationName = Release;
		};
		1629DEAC218D4F7000461C57 /* Build configuration list for PBXNativeTarget "AutoCompleteTextFieldExampleTests" */ = {
			isa = XCConfigurationList;
			buildConfigurations = (
				1629DEAD218D4F7000461C57 /* Debug */,
				1629DEAE218D4F7000461C57 /* Release */,
			);
			defaultConfigurationIsVisible = 0;
			defaultConfigurationName = Release;
		};
/* End XCConfigurationList section */
	};
	rootObject = 1629DE84218D4F6F00461C57 /* Project object */;
}
